<?xml version="1.0" encoding="utf-8"?>
<Project ToolsVersion="4.0" xmlns="http://schemas.microsoft.com/developer/msbuild/2003">
  <ItemGroup>
    <Filter Include="소스 파일">
      <UniqueIdentifier>{4FC737F1-C7A5-4376-A066-2A32D752A2FF}</UniqueIdentifier>
      <Extensions>cpp;c;cc;cxx;c++;cppm;ixx;def;odl;idl;hpj;bat;asm;asmx</Extensions>
    </Filter>
    <Filter Include="헤더 파일">
      <UniqueIdentifier>{93995380-89BD-4b04-88EB-625FBE52EBFB}</UniqueIdentifier>
      <Extensions>h;hh;hpp;hxx;h++;hm;inl;inc;ipp;xsd</Extensions>
    </Filter>
    <Filter Include="리소스 파일">
      <UniqueIdentifier>{67DA6AB6-F800-4c08-8B7A-83BB121AAD01}</UniqueIdentifier>
      <Extensions>rc;ico;cur;bmp;dlg;rc2;rct;bin;rgs;gif;jpg;jpeg;jpe;resx;tiff;tif;png;wav;mfcribbon-ms</Extensions>
    </Filter>
  </ItemGroup>
  <ItemGroup>
    <ClInclude Include="framework.h">
      <Filter>헤더 파일</Filter>
    </ClInclude>
    <ClInclude Include="targetver.h">
      <Filter>헤더 파일</Filter>
    </ClInclude>
    <ClInclude Include="Resource.h">
      <Filter>헤더 파일</Filter>
    </ClInclude>
    <ClInclude Include="HollowKnight.h">
      <Filter>헤더 파일</Filter>
    </ClInclude>
    <ClInclude Include="Types.h">
      <Filter>헤더 파일</Filter>
    </ClInclude>
    <ClInclude Include="Framework\Animation\Action.h">
      <Filter>헤더 파일</Filter>
    </ClInclude>
    <ClInclude Include="Framework\Camera\Camera.h">
      <Filter>헤더 파일</Filter>
    </ClInclude>
    <ClInclude Include="Framework\Collider\CircleCollider.h">
      <Filter>헤더 파일</Filter>
    </ClInclude>
    <ClInclude Include="Framework\Collider\Collider.h">
      <Filter>헤더 파일</Filter>
    </ClInclude>
    <ClInclude Include="Framework\Collider\RectCollider.h">
      <Filter>헤더 파일</Filter>
    </ClInclude>
    <ClInclude Include="Framework\Device\Device.h">
      <Filter>헤더 파일</Filter>
    </ClInclude>
    <ClInclude Include="Framework\Math\MyMath.h">
      <Filter>헤더 파일</Filter>
    </ClInclude>
    <ClInclude Include="Framework\Math\Transform.h">
      <Filter>헤더 파일</Filter>
    </ClInclude>
    <ClInclude Include="Framework\Math\Vector2.h">
      <Filter>헤더 파일</Filter>
    </ClInclude>
    <ClInclude Include="Framework\Render\ConstantBuffer.h">
      <Filter>헤더 파일</Filter>
    </ClInclude>
    <ClInclude Include="Framework\Render\GlobalBuffer.h">
      <Filter>헤더 파일</Filter>
    </ClInclude>
    <ClInclude Include="Framework\Render\IndexBuffer.h">
      <Filter>헤더 파일</Filter>
    </ClInclude>
    <ClInclude Include="Framework\Render\PixelShader.h">
      <Filter>헤더 파일</Filter>
    </ClInclude>
    <ClInclude Include="Framework\Render\Shader.h">
      <Filter>헤더 파일</Filter>
    </ClInclude>
    <ClInclude Include="Framework\Render\ShaderManager.h">
      <Filter>헤더 파일</Filter>
    </ClInclude>
    <ClInclude Include="Framework\Render\VertexBuffer.h">
      <Filter>헤더 파일</Filter>
    </ClInclude>
    <ClInclude Include="Framework\Render\VertexLayOut.h">
      <Filter>헤더 파일</Filter>
    </ClInclude>
    <ClInclude Include="Framework\Render\VertexShader.h">
      <Filter>헤더 파일</Filter>
    </ClInclude>
    <ClInclude Include="Framework\TextureMapping\BlendState.h">
      <Filter>헤더 파일</Filter>
    </ClInclude>
    <ClInclude Include="Framework\TextureMapping\SamplerState.h">
      <Filter>헤더 파일</Filter>
    </ClInclude>
    <ClInclude Include="Framework\TextureMapping\SRV.h">
      <Filter>헤더 파일</Filter>
    </ClInclude>
    <ClInclude Include="Framework\TextureMapping\SRVManager.h">
      <Filter>헤더 파일</Filter>
    </ClInclude>
    <ClInclude Include="Framework\TextureMapping\StateManager.h">
      <Filter>헤더 파일</Filter>
    </ClInclude>
    <ClInclude Include="Framework\Utility\BinaryReader.h">
      <Filter>헤더 파일</Filter>
    </ClInclude>
    <ClInclude Include="Framework\Utility\BinaryWriter.h">
      <Filter>헤더 파일</Filter>
    </ClInclude>
    <ClInclude Include="Framework\Utility\InputManager.h">
      <Filter>헤더 파일</Filter>
    </ClInclude>
    <ClInclude Include="Framework\Utility\Sound.h">
      <Filter>헤더 파일</Filter>
    </ClInclude>
    <ClInclude Include="Framework\Utility\Timer.h">
      <Filter>헤더 파일</Filter>
    </ClInclude>
    <ClInclude Include="Framework\Utility\tinyxml2.h">
      <Filter>헤더 파일</Filter>
    </ClInclude>
    <ClInclude Include="Library\FMOD\inc\fmod.h">
      <Filter>헤더 파일</Filter>
    </ClInclude>
    <ClInclude Include="Library\FMOD\inc\fmod.hpp">
      <Filter>헤더 파일</Filter>
    </ClInclude>
    <ClInclude Include="Library\FMOD\inc\fmod_codec.h">
      <Filter>헤더 파일</Filter>
    </ClInclude>
    <ClInclude Include="Library\FMOD\inc\fmod_common.h">
      <Filter>헤더 파일</Filter>
    </ClInclude>
    <ClInclude Include="Library\FMOD\inc\fmod_dsp.h">
      <Filter>헤더 파일</Filter>
    </ClInclude>
    <ClInclude Include="Library\FMOD\inc\fmod_dsp_effects.h">
      <Filter>헤더 파일</Filter>
    </ClInclude>
    <ClInclude Include="Library\FMOD\inc\fmod_errors.h">
      <Filter>헤더 파일</Filter>
    </ClInclude>
    <ClInclude Include="Library\FMOD\inc\fmod_output.h">
      <Filter>헤더 파일</Filter>
    </ClInclude>
    <ClInclude Include="Object\UI\Button.h">
      <Filter>헤더 파일</Filter>
    </ClInclude>
    <ClInclude Include="Object\Bagic\Effect.h">
      <Filter>헤더 파일</Filter>
    </ClInclude>
    <ClInclude Include="Object\Bagic\EffectManager.h">
      <Filter>헤더 파일</Filter>
    </ClInclude>
    <ClInclude Include="Object\Bagic\Quad.h">
      <Filter>헤더 파일</Filter>
    </ClInclude>
    <ClInclude Include="Object\Bagic\Sprite.h">
      <Filter>헤더 파일</Filter>
    </ClInclude>
    <ClInclude Include="Program\Program.h">
      <Filter>헤더 파일</Filter>
    </ClInclude>
    <ClInclude Include="Scene\Scene.h">
      <Filter>헤더 파일</Filter>
    </ClInclude>
    <ClInclude Include="Scene\SceneManager.h">
      <Filter>헤더 파일</Filter>
    </ClInclude>
    <ClInclude Include="Scene\BagicScene\MapTool.h">
      <Filter>헤더 파일</Filter>
    </ClInclude>
    <ClInclude Include="Object\HollowKnight\Player\Player.h">
      <Filter>헤더 파일</Filter>
    </ClInclude>
    <ClInclude Include="Scene\BagicScene\TestScene.h">
      <Filter>헤더 파일</Filter>
    </ClInclude>
    <ClInclude Include="Object\HollowKnight\Monster\Monster.h">
      <Filter>헤더 파일</Filter>
    </ClInclude>
    <ClInclude Include="Object\HollowKnight\Monster\JumpMonster.h">
      <Filter>헤더 파일</Filter>
    </ClInclude>
    <ClInclude Include="Object\HollowKnight\Player\Bullet.h">
      <Filter>헤더 파일</Filter>
    </ClInclude>
    <ClInclude Include="Object\HollowKnight\Player\ChargeEffect.h">
      <Filter>헤더 파일</Filter>
    </ClInclude>
    <ClInclude Include="Object\HollowKnight\Monster\RushMonster.h">
      <Filter>헤더 파일</Filter>
    </ClInclude>
    <ClInclude Include="Object\UI\BulletCoolTime.h">
      <Filter>헤더 파일</Filter>
    </ClInclude>
    <ClInclude Include="Object\HollowKnight\Monster\FlyMonster.h">
      <Filter>헤더 파일</Filter>
    </ClInclude>
    <ClInclude Include="Object\HollowKnight\Monster\Boss.h">
      <Filter>헤더 파일</Filter>
    </ClInclude>
    <ClInclude Include="Object\HollowKnight\Monster\EliteMonster.h">
      <Filter>헤더 파일</Filter>
    </ClInclude>
    <ClInclude Include="Scene\BagicScene\BossTestScene.h">
      <Filter>헤더 파일</Filter>
    </ClInclude>
  </ItemGroup>
  <ItemGroup>
    <ClCompile Include="HollowKnight.cpp">
      <Filter>소스 파일</Filter>
    </ClCompile>
    <ClCompile Include="framework.cpp">
      <Filter>소스 파일</Filter>
    </ClCompile>
    <ClCompile Include="Framework\Animation\Action.cpp">
      <Filter>소스 파일</Filter>
    </ClCompile>
    <ClCompile Include="Framework\Camera\Camera.cpp">
      <Filter>소스 파일</Filter>
    </ClCompile>
    <ClCompile Include="Framework\Collider\CircleCollider.cpp">
      <Filter>소스 파일</Filter>
    </ClCompile>
    <ClCompile Include="Framework\Collider\Collider.cpp">
      <Filter>소스 파일</Filter>
    </ClCompile>
    <ClCompile Include="Framework\Collider\RectCollider.cpp">
      <Filter>소스 파일</Filter>
    </ClCompile>
    <ClCompile Include="Framework\Device\Device.cpp">
      <Filter>소스 파일</Filter>
    </ClCompile>
    <ClCompile Include="Framework\Math\MyMath.cpp">
      <Filter>소스 파일</Filter>
    </ClCompile>
    <ClCompile Include="Framework\Math\Transform.cpp">
      <Filter>소스 파일</Filter>
    </ClCompile>
    <ClCompile Include="Framework\Math\Vector2.cpp">
      <Filter>소스 파일</Filter>
    </ClCompile>
    <ClCompile Include="Framework\Render\ConstantBuffer.cpp">
      <Filter>소스 파일</Filter>
    </ClCompile>
    <ClCompile Include="Framework\Render\IndexBuffer.cpp">
      <Filter>소스 파일</Filter>
    </ClCompile>
    <ClCompile Include="Framework\Render\PixelShader.cpp">
      <Filter>소스 파일</Filter>
    </ClCompile>
    <ClCompile Include="Framework\Render\Shader.cpp">
      <Filter>소스 파일</Filter>
    </ClCompile>
    <ClCompile Include="Framework\Render\ShaderManager.cpp">
      <Filter>소스 파일</Filter>
    </ClCompile>
    <ClCompile Include="Framework\Render\VertexBuffer.cpp">
      <Filter>소스 파일</Filter>
    </ClCompile>
    <ClCompile Include="Framework\Render\VertexShader.cpp">
      <Filter>소스 파일</Filter>
    </ClCompile>
    <ClCompile Include="Framework\TextureMapping\BlendState.cpp">
      <Filter>소스 파일</Filter>
    </ClCompile>
    <ClCompile Include="Framework\TextureMapping\SamplerState.cpp">
      <Filter>소스 파일</Filter>
    </ClCompile>
    <ClCompile Include="Framework\TextureMapping\SRV.cpp">
      <Filter>소스 파일</Filter>
    </ClCompile>
    <ClCompile Include="Framework\TextureMapping\SRVManager.cpp">
      <Filter>소스 파일</Filter>
    </ClCompile>
    <ClCompile Include="Framework\TextureMapping\StateManager.cpp">
      <Filter>소스 파일</Filter>
    </ClCompile>
    <ClCompile Include="Framework\Utility\BinaryReader.cpp">
      <Filter>소스 파일</Filter>
    </ClCompile>
    <ClCompile Include="Framework\Utility\BinaryWriter.cpp">
      <Filter>소스 파일</Filter>
    </ClCompile>
    <ClCompile Include="Framework\Utility\InputManager.cpp">
      <Filter>소스 파일</Filter>
    </ClCompile>
    <ClCompile Include="Framework\Utility\Sound.cpp">
      <Filter>소스 파일</Filter>
    </ClCompile>
    <ClCompile Include="Framework\Utility\Timer.cpp">
      <Filter>소스 파일</Filter>
    </ClCompile>
    <ClCompile Include="Framework\Utility\tinyxml2.cpp">
      <Filter>소스 파일</Filter>
    </ClCompile>
    <ClCompile Include="Object\UI\Button.cpp">
      <Filter>소스 파일</Filter>
    </ClCompile>
    <ClCompile Include="Object\Bagic\Effect.cpp">
      <Filter>소스 파일</Filter>
    </ClCompile>
    <ClCompile Include="Object\Bagic\EffectManager.cpp">
      <Filter>소스 파일</Filter>
    </ClCompile>
    <ClCompile Include="Object\Bagic\Quad.cpp">
      <Filter>소스 파일</Filter>
    </ClCompile>
    <ClCompile Include="Object\Bagic\Sprite.cpp">
      <Filter>소스 파일</Filter>
    </ClCompile>
    <ClCompile Include="Program\Program.cpp">
      <Filter>소스 파일</Filter>
    </ClCompile>
    <ClCompile Include="Scene\Scene.cpp">
      <Filter>소스 파일</Filter>
    </ClCompile>
    <ClCompile Include="Scene\SceneManager.cpp">
      <Filter>소스 파일</Filter>
    </ClCompile>
    <ClCompile Include="Scene\BagicScene\MapTool.cpp">
      <Filter>소스 파일</Filter>
    </ClCompile>
    <ClCompile Include="Object\HollowKnight\Player\Player.cpp">
      <Filter>소스 파일</Filter>
    </ClCompile>
    <ClCompile Include="Scene\BagicScene\TestScene.cpp">
      <Filter>소스 파일</Filter>
    </ClCompile>
    <ClCompile Include="Object\HollowKnight\Monster\Monster.cpp">
      <Filter>소스 파일</Filter>
    </ClCompile>
    <ClCompile Include="Object\HollowKnight\Monster\JumpMonster.cpp">
      <Filter>소스 파일</Filter>
    </ClCompile>
    <ClCompile Include="Object\HollowKnight\Player\Bullet.cpp">
      <Filter>소스 파일</Filter>
    </ClCompile>
    <ClCompile Include="Object\HollowKnight\Player\ChargeEffect.cpp">
      <Filter>소스 파일</Filter>
    </ClCompile>
    <ClCompile Include="Object\HollowKnight\Monster\RushMonster.cpp">
      <Filter>소스 파일</Filter>
    </ClCompile>
    <ClCompile Include="Object\UI\BulletCoolTime.cpp">
      <Filter>소스 파일</Filter>
    </ClCompile>
    <ClCompile Include="Object\HollowKnight\Monster\FlyMonster.cpp">
      <Filter>소스 파일</Filter>
    </ClCompile>
    <ClCompile Include="Object\HollowKnight\Monster\Boss.cpp">
      <Filter>소스 파일</Filter>
    </ClCompile>
    <ClCompile Include="Object\HollowKnight\Monster\EliteMonster.cpp">
      <Filter>소스 파일</Filter>
    </ClCompile>
    <ClCompile Include="Scene\BagicScene\BossTestScene.cpp">
      <Filter>소스 파일</Filter>
    </ClCompile>
  </ItemGroup>
  <ItemGroup>
    <ResourceCompile Include="HollowKnight.rc">
      <Filter>리소스 파일</Filter>
    </ResourceCompile>
  </ItemGroup>
  <ItemGroup>
    <Image Include="small.ico">
      <Filter>리소스 파일</Filter>
    </Image>
    <Image Include="HollowKnight.ico">
      <Filter>리소스 파일</Filter>
    </Image>
    <Image Include="Resource\Player\Run.png">
      <Filter>리소스 파일</Filter>
    </Image>
    <Image Include="Resource\Bullet\Bullet.png">
      <Filter>리소스 파일</Filter>
    </Image>
    <Image Include="Resource\Bullet\BulletEnd.png">
      <Filter>리소스 파일</Filter>
    </Image>
    <Image Include="Resource\Effect\ChargeEffect.png">
      <Filter>리소스 파일</Filter>
    </Image>
    <Image Include="Resource\Effect\DashEffect.png">
      <Filter>리소스 파일</Filter>
    </Image>
    <Image Include="Resource\Effect\SlashEffect.png">
      <Filter>리소스 파일</Filter>
    </Image>
    <Image Include="Resource\Player\Charge.png">
      <Filter>리소스 파일</Filter>
    </Image>
    <Image Include="Resource\Player\Dash.png">
      <Filter>리소스 파일</Filter>
    </Image>
    <Image Include="Resource\Player\DashToIdle.png">
      <Filter>리소스 파일</Filter>
    </Image>
    <Image Include="Resource\Player\Death.png">
      <Filter>리소스 파일</Filter>
    </Image>
    <Image Include="Resource\Player\DNSlash.png">
      <Filter>리소스 파일</Filter>
    </Image>
    <Image Include="Resource\Player\DNSlashStart.png">
      <Filter>리소스 파일</Filter>
    </Image>
    <Image Include="Resource\Player\Idle.png">
      <Filter>리소스 파일</Filter>
    </Image>
    <Image Include="Resource\Player\Running.png">
      <Filter>리소스 파일</Filter>
    </Image>
    <Image Include="Resource\Player\RunStart.png">
      <Filter>리소스 파일</Filter>
    </Image>
    <Image Include="Resource\Player\RunToIdle.png">
      <Filter>리소스 파일</Filter>
    </Image>
    <Image Include="Resource\Player\ShadowDash.png">
      <Filter>리소스 파일</Filter>
    </Image>
    <Image Include="Resource\Player\Slash.png">
      <Filter>리소스 파일</Filter>
    </Image>
    <Image Include="Resource\Monster\Jump\JM_Down.png">
      <Filter>리소스 파일</Filter>
    </Image>
    <Image Include="Resource\Monster\Jump\JM_Idle.png">
      <Filter>리소스 파일</Filter>
    </Image>
    <Image Include="Resource\Monster\Jump\JM_Jump.png">
      <Filter>리소스 파일</Filter>
    </Image>
    <Image Include="Resource\Monster\Jump\JM_JumpReady.png">
      <Filter>리소스 파일</Filter>
    </Image>
    <Image Include="Resource\Monster\Jump\JM_Land.png">
      <Filter>리소스 파일</Filter>
    </Image>
    <Image Include="Resource\Monster\Jump\JM_Turn.png">
      <Filter>리소스 파일</Filter>
    </Image>
    <Image Include="Resource\Monster\Jump\JM_Walk.png">
      <Filter>리소스 파일</Filter>
    </Image>
    <Image Include="Resource\Monster\Fly\FLYDEATH1.png">
      <Filter>리소스 파일</Filter>
    </Image>
    <Image Include="Resource\Monster\Fly\FLYDEATH2.png">
      <Filter>리소스 파일</Filter>
    </Image>
    <Image Include="Resource\Monster\Fly\FLYIDLE.png">
      <Filter>리소스 파일</Filter>
    </Image>
    <Image Include="Resource\Monster\Rush\RushEnd.png">
      <Filter>리소스 파일</Filter>
    </Image>
    <Image Include="Resource\Monster\Rush\RushIdle.png">
      <Filter>리소스 파일</Filter>
    </Image>
    <Image Include="Resource\Monster\Rush\RushReady.png">
      <Filter>리소스 파일</Filter>
    </Image>
    <Image Include="Resource\Monster\Rush\RushRush.png">
      <Filter>리소스 파일</Filter>
    </Image>
    <Image Include="Resource\Monster\Rush\RushTurn.png">
      <Filter>리소스 파일</Filter>
    </Image>
    <Image Include="Resource\Monster\Rush\RushWalk.png">
      <Filter>리소스 파일</Filter>
    </Image>
    <Image Include="Resource\Monster\Rush\RushEnd1.png">
      <Filter>리소스 파일</Filter>
    </Image>
    <Image Include="Resource\Monster\Boss\BossAttack.png">
      <Filter>리소스 파일</Filter>
    </Image>
    <Image Include="Resource\Monster\Boss\BossAttackFinish.png">
      <Filter>리소스 파일</Filter>
    </Image>
    <Image Include="Resource\Monster\Boss\BossAttackReady.png">
      <Filter>리소스 파일</Filter>
    </Image>
    <Image Include="Resource\Monster\Boss\BossIdle.png">
      <Filter>리소스 파일</Filter>
    </Image>
    <Image Include="Resource\Monster\Boss\BossJump.png">
      <Filter>리소스 파일</Filter>
    </Image>
    <Image Include="Resource\Monster\Boss\BossJumpReady.png">
      <Filter>리소스 파일</Filter>
    </Image>
    <Image Include="Resource\Monster\Boss\BossRun.png">
      <Filter>리소스 파일</Filter>
    </Image>
    <Image Include="Resource\Monster\Boss\BossRunReady.png">
      <Filter>리소스 파일</Filter>
    </Image>
    <Image Include="Resource\Monster\Boss\BossTurn.png">
      <Filter>리소스 파일</Filter>
    </Image>
    <Image Include="Resource\Monster\Boss\BackStep.png">
      <Filter>리소스 파일</Filter>
    </Image>
    <Image Include="Resource\Monster\Boss\BossJumpAttack.png">
      <Filter>리소스 파일</Filter>
    </Image>
    <Image Include="Resource\Monster\Boss\Grogy.png">
      <Filter>리소스 파일</Filter>
    </Image>
    <Image Include="Resource\Monster\Boss\JumpAttackToIdle.png">
      <Filter>리소스 파일</Filter>
    </Image>
    <Image Include="Resource\Monster\Boss\totalsprite.png">
      <Filter>리소스 파일</Filter>
    </Image>
  </ItemGroup>
  <ItemGroup>
    <None Include="imgui.ini" />
    <None Include="Library\FMOD\fmod.dll" />
    <None Include="Library\FMOD\inc\fmod.cs" />
    <None Include="Library\FMOD\inc\fmod_dsp.cs" />
    <None Include="Library\FMOD\inc\fmod_errors.cs" />
    <None Include="fmod.dll" />
  </ItemGroup>
  <ItemGroup>
    <Library Include="Library\FMOD\fmod_vc.lib" />
  </ItemGroup>
  <ItemGroup>
    <FxCompile Include="Shader\ActionFilterPS.hlsl" />
    <FxCompile Include="Shader\ActionPS.hlsl" />
    <FxCompile Include="Shader\ButtonPS.hlsl" />
    <FxCompile Include="Shader\ColliderPS.hlsl" />
    <FxCompile Include="Shader\ColliderVS.hlsl" />
    <FxCompile Include="Shader\FilterPS.hlsl" />
    <FxCompile Include="Shader\SpritePS.hlsl" />
    <FxCompile Include="Shader\SpriteVS.hlsl" />
    <FxCompile Include="Shader\TexturePS.hlsl" />
    <FxCompile Include="Shader\TextureVS.hlsl" />
    <FxCompile Include="Shader\PlayerPS.hlsl" />
    <FxCompile Include="Shader\NonRedPS.hlsl" />
    <FxCompile Include="Shader\RatioPS.hlsl" />
  </ItemGroup>
  <ItemGroup>
    <Xml Include="Resource\Player\Run.xml" />
    <Xml Include="Resource\Bullet\Bullet.xml" />
    <Xml Include="Resource\Bullet\BulletEnd.xml" />
    <Xml Include="Resource\Effect\ChargeEffect.xml" />
    <Xml Include="Resource\Effect\DashEffect.xml" />
    <Xml Include="Resource\Effect\SlashEffect.xml" />
    <Xml Include="Resource\Player\Charge.xml" />
    <Xml Include="Resource\Player\Dash.xml" />
    <Xml Include="Resource\Player\DashToIdle.xml" />
    <Xml Include="Resource\Player\Death.xml" />
    <Xml Include="Resource\Player\DNSlash.xml" />
    <Xml Include="Resource\Player\DNSlashStart.xml" />
    <Xml Include="Resource\Player\Idle.xml" />
    <Xml Include="Resource\Player\Running.xml" />
    <Xml Include="Resource\Player\RunStart.xml" />
    <Xml Include="Resource\Player\RunToIdle.xml" />
    <Xml Include="Resource\Player\ShadowDash.xml" />
    <Xml Include="Resource\Player\Slash.xml" />
    <Xml Include="Resource\Monster\Jump\JM_Down.xml" />
    <Xml Include="Resource\Monster\Jump\JM_Idle.xml" />
    <Xml Include="Resource\Monster\Jump\JM_Jump.xml" />
    <Xml Include="Resource\Monster\Jump\JM_JumpReady.xml" />
    <Xml Include="Resource\Monster\Jump\JM_Land.xml" />
    <Xml Include="Resource\Monster\Jump\JM_Turn.xml" />
    <Xml Include="Resource\Monster\Jump\JM_Walk.xml" />
    <Xml Include="Resource\Monster\Fly\FLYDEATH1.xml" />
    <Xml Include="Resource\Monster\Fly\FLYDEATH2.xml" />
    <Xml Include="Resource\Monster\Fly\FLYIDLE.xml" />
    <Xml Include="Resource\Monster\Rush\RushEnd.xml" />
    <Xml Include="Resource\Monster\Rush\RushIdle.xml" />
    <Xml Include="Resource\Monster\Rush\RushReady.xml" />
    <Xml Include="Resource\Monster\Rush\RushRush.xml" />
    <Xml Include="Resource\Monster\Rush\RushTurn.xml" />
    <Xml Include="Resource\Monster\Rush\RushWalk.xml" />
    <Xml Include="Resource\Monster\Rush\RushEnd1.xml" />
    <Xml Include="Resource\Monster\Boss\BossAttack.xml" />
    <Xml Include="Resource\Monster\Boss\BossAttackFinish.xml" />
    <Xml Include="Resource\Monster\Boss\BossAttackReady.xml" />
    <Xml Include="Resource\Monster\Boss\BossIdle.xml" />
    <Xml Include="Resource\Monster\Boss\BossJump.xml" />
    <Xml Include="Resource\Monster\Boss\BossJumpReady.xml" />
    <Xml Include="Resource\Monster\Boss\BossRun.xml" />
    <Xml Include="Resource\Monster\Boss\BossRunReady.xml" />
    <Xml Include="Resource\Monster\Boss\BossTurn.xml" />
    <Xml Include="Resource\Monster\Boss\BackStep.xml" />
    <Xml Include="Resource\Monster\Boss\BossJumpAttack.xml" />
    <Xml Include="Resource\Monster\Boss\Grogy.xml" />
    <Xml Include="Resource\Monster\Boss\JumpAttackToIdle.xml" />
    <Xml Include="Resource\Monster\Boss\totalsprite.xml" />
  </ItemGroup>
</Project>